
Microsoft Visual Studio Solution File, Format Version 12.00
# Visual Studio Version 16
VisualStudioVersion = 16.0.29613.14
MinimumVisualStudioVersion = 10.0.40219.1
Project("{FAE04EC0-301F-11D3-BF4B-00C04F79EFBC}") = "Horseshoe.NET", "Horseshoe.NET\Horseshoe.NET.csproj", "{2C647857-6298-47C1-97BC-AD180D55DD33}"
EndProject
Project("{9A19103F-16F7-4668-BE54-9A1E7A4F7556}") = "Horseshoe.NET (Standard)", "Horseshoe.NET (Standard)\Horseshoe.NET (Standard).csproj", "{EEF3F106-D647-49E4-B0A7-B132642DBF41}"
EndProject
Project("{FAE04EC0-301F-11D3-BF4B-00C04F79EFBC}") = "Horseshoe.NET.ActiveDirectory", "Horseshoe.NET.ActiveDirectory\Horseshoe.NET.ActiveDirectory.csproj", "{9FBA8935-BBDE-4248-A897-F89D1E3EC597}"
EndProject
Project("{FAE04EC0-301F-11D3-BF4B-00C04F79EFBC}") = "TestConsole", "TestConsole\TestConsole.csproj", "{EBEFB23F-88CD-4CDB-B365-B41B9ECAF4B1}"
EndProject
Project("{FAE04EC0-301F-11D3-BF4B-00C04F79EFBC}") = "Horseshoe.NET.Mvc", "Horseshoe.NET.Mvc\Horseshoe.NET.Mvc.csproj", "{BD0A0830-F2D5-46A2-BE39-DC62E7CD092C}"
EndProject
Project("{9A19103F-16F7-4668-BE54-9A1E7A4F7556}") = "Horseshoe.NET.ActiveDirectory (Standard)", "Horseshoe.NET.ActiveDirectory (Standard)\Horseshoe.NET.ActiveDirectory (Standard).csproj", "{54E17F3F-83D3-4EAA-B65E-AFA2B84ED522}"
EndProject
Project("{9A19103F-16F7-4668-BE54-9A1E7A4F7556}") = "Horseshoe.NET.Excel (Standard)", "Horseshoe.NET.Excel (Standard)\Horseshoe.NET.Excel (Standard).csproj", "{1895FD85-52F3-4BD5-B1DF-671C831DF864}"
EndProject
Project("{FAE04EC0-301F-11D3-BF4B-00C04F79EFBC}") = "Horseshoe.NET.Excel", "Horseshoe.NET.Excel\Horseshoe.NET.Excel.csproj", "{6083928F-0399-4DB6-8808-B34A0693895D}"
EndProject
Project("{FAE04EC0-301F-11D3-BF4B-00C04F79EFBC}") = "TestMVC", "TestMVC\TestMVC.csproj", "{755C0935-DB5A-44B0-9893-072BCAC53310}"
EndProject
Project("{FAE04EC0-301F-11D3-BF4B-00C04F79EFBC}") = "TestWebForms", "TestWebForms\TestWebForms.csproj", "{CB41AD4F-5039-4CB5-8BB8-11F259252B87}"
EndProject
Project("{9A19103F-16F7-4668-BE54-9A1E7A4F7556}") = "TestMVC (Core31)", "TestMVC (Core31)\TestMVC (Core31).csproj", "{4920B339-0756-4827-95E3-A3BAEFE775EB}"
EndProject
Project("{9A19103F-16F7-4668-BE54-9A1E7A4F7556}") = "TestConsole (Core21)", "TestConsole (Core21)\TestConsole (Core21).csproj", "{E5781CF9-CF72-462E-AC59-F1914CC7C659}"
EndProject
Project("{FAE04EC0-301F-11D3-BF4B-00C04F79EFBC}") = "TestWinForms", "TestWinForms\TestWinForms.csproj", "{9458BAC6-7711-4A81-B4A6-C76AD6EC5B02}"
EndProject
Project("{9A19103F-16F7-4668-BE54-9A1E7A4F7556}") = "TestWinForms (Core31)", "TestWinForms (Core31)\TestWinForms (Core31).csproj", "{A246C916-D736-43EB-A061-A58DE22D6167}"
EndProject
Project("{9A19103F-16F7-4668-BE54-9A1E7A4F7556}") = "TestWPF (Core31)", "TestWPF (Core31)\TestWPF (Core31).csproj", "{5859F726-311D-42C2-986C-2B51FA33D453}"
EndProject
Project("{9A19103F-16F7-4668-BE54-9A1E7A4F7556}") = "TestMVC (Core21)", "TestMVC (Core21)\TestMVC (Core21).csproj", "{8F4E68F4-DCE3-4B9D-B19F-9A419EC8BF07}"
EndProject
Project("{FAE04EC0-301F-11D3-BF4B-00C04F79EFBC}") = "TestWPF", "TestWPF\TestWPF.csproj", "{B7DFC40D-E911-4C42-ABF8-4C470E94AD86}"
EndProject
Project("{9A19103F-16F7-4668-BE54-9A1E7A4F7556}") = "Horseshoe.NET.Mvc (Core 3.0)", "Horseshoe.NET.Mvc (Core 3.0)\Horseshoe.NET.Mvc (Core 3.0).csproj", "{2C3AAF57-104B-4951-A08D-9131F1E39EB9}"
EndProject
Project("{9A19103F-16F7-4668-BE54-9A1E7A4F7556}") = "Horseshoe.NET.Mvc (Core 2.1)", "Horseshoe.NET.Mvc (Core 2.1)\Horseshoe.NET.Mvc (Core 2.1).csproj", "{4609ADD0-EA25-457A-9B43-92202F620DD0}"
EndProject
Project("{FAE04EC0-301F-11D3-BF4B-00C04F79EFBC}") = "Horseshoe.NET.SqlDb", "Horseshoe.NET.SqlDb\Horseshoe.NET.SqlDb.csproj", "{D9A0BF85-7D85-46EE-8BB5-3F75DC36830A}"
EndProject
Project("{9A19103F-16F7-4668-BE54-9A1E7A4F7556}") = "Horseshoe.NET.SqlDb (Standard)", "Horseshoe.NET.SqlDb (Standard)\Horseshoe.NET.SqlDb (Standard).csproj", "{47232185-5602-4C1C-BF9C-18D6B48F77AF}"
EndProject
Project("{FAE04EC0-301F-11D3-BF4B-00C04F79EFBC}") = "Horseshoe.NET.OracleDb", "Horseshoe.NET.OracleDb\Horseshoe.NET.OracleDb.csproj", "{EF577431-B6C3-49B3-AF18-4974383C59D1}"
EndProject
Project("{9A19103F-16F7-4668-BE54-9A1E7A4F7556}") = "Horseshoe.NET.OracleDb (Standard)", "Horseshoe.NET.OracleDb (Standard)\Horseshoe.NET.OracleDb (Standard).csproj", "{624279ED-C729-447F-ACFF-029AEAA02AC2}"
EndProject
Project("{FAE04EC0-301F-11D3-BF4B-00C04F79EFBC}") = "Horseshoe.NET.Odbc", "Horseshoe.NET.Odbc\Horseshoe.NET.Odbc.csproj", "{31DC6C32-03AE-4C5D-A94B-BAC991655900}"
EndProject
Project("{9A19103F-16F7-4668-BE54-9A1E7A4F7556}") = "Horseshoe.NET.Odbc (Standard)", "Horseshoe.NET.Odbc (Standard)\Horseshoe.NET.Odbc (Standard).csproj", "{809C50BD-A8E2-4C58-B3F0-2B71C8F52280}"
EndProject
Global
	GlobalSection(SolutionConfigurationPlatforms) = preSolution
		Debug|Any CPU = Debug|Any CPU
		Release|Any CPU = Release|Any CPU
	EndGlobalSection
	GlobalSection(ProjectConfigurationPlatforms) = postSolution
		{2C647857-6298-47C1-97BC-AD180D55DD33}.Debug|Any CPU.ActiveCfg = Debug|Any CPU
		{2C647857-6298-47C1-97BC-AD180D55DD33}.Debug|Any CPU.Build.0 = Debug|Any CPU
		{2C647857-6298-47C1-97BC-AD180D55DD33}.Release|Any CPU.ActiveCfg = Release|Any CPU
		{2C647857-6298-47C1-97BC-AD180D55DD33}.Release|Any CPU.Build.0 = Release|Any CPU
		{EEF3F106-D647-49E4-B0A7-B132642DBF41}.Debug|Any CPU.ActiveCfg = Debug|Any CPU
		{EEF3F106-D647-49E4-B0A7-B132642DBF41}.Debug|Any CPU.Build.0 = Debug|Any CPU
		{EEF3F106-D647-49E4-B0A7-B132642DBF41}.Release|Any CPU.ActiveCfg = Release|Any CPU
		{EEF3F106-D647-49E4-B0A7-B132642DBF41}.Release|Any CPU.Build.0 = Release|Any CPU
		{9FBA8935-BBDE-4248-A897-F89D1E3EC597}.Debug|Any CPU.ActiveCfg = Debug|Any CPU
		{9FBA8935-BBDE-4248-A897-F89D1E3EC597}.Debug|Any CPU.Build.0 = Debug|Any CPU
		{9FBA8935-BBDE-4248-A897-F89D1E3EC597}.Release|Any CPU.ActiveCfg = Release|Any CPU
		{9FBA8935-BBDE-4248-A897-F89D1E3EC597}.Release|Any CPU.Build.0 = Release|Any CPU
		{EBEFB23F-88CD-4CDB-B365-B41B9ECAF4B1}.Debug|Any CPU.ActiveCfg = Debug|Any CPU
		{EBEFB23F-88CD-4CDB-B365-B41B9ECAF4B1}.Debug|Any CPU.Build.0 = Debug|Any CPU
		{EBEFB23F-88CD-4CDB-B365-B41B9ECAF4B1}.Release|Any CPU.ActiveCfg = Release|Any CPU
		{EBEFB23F-88CD-4CDB-B365-B41B9ECAF4B1}.Release|Any CPU.Build.0 = Release|Any CPU
		{BD0A0830-F2D5-46A2-BE39-DC62E7CD092C}.Debug|Any CPU.ActiveCfg = Debug|Any CPU
		{BD0A0830-F2D5-46A2-BE39-DC62E7CD092C}.Debug|Any CPU.Build.0 = Debug|Any CPU
		{BD0A0830-F2D5-46A2-BE39-DC62E7CD092C}.Release|Any CPU.ActiveCfg = Release|Any CPU
		{BD0A0830-F2D5-46A2-BE39-DC62E7CD092C}.Release|Any CPU.Build.0 = Release|Any CPU
		{54E17F3F-83D3-4EAA-B65E-AFA2B84ED522}.Debug|Any CPU.ActiveCfg = Debug|Any CPU
		{54E17F3F-83D3-4EAA-B65E-AFA2B84ED522}.Debug|Any CPU.Build.0 = Debug|Any CPU
		{54E17F3F-83D3-4EAA-B65E-AFA2B84ED522}.Release|Any CPU.ActiveCfg = Release|Any CPU
		{54E17F3F-83D3-4EAA-B65E-AFA2B84ED522}.Release|Any CPU.Build.0 = Release|Any CPU
		{1895FD85-52F3-4BD5-B1DF-671C831DF864}.Debug|Any CPU.ActiveCfg = Debug|Any CPU
		{1895FD85-52F3-4BD5-B1DF-671C831DF864}.Debug|Any CPU.Build.0 = Debug|Any CPU
		{1895FD85-52F3-4BD5-B1DF-671C831DF864}.Release|Any CPU.ActiveCfg = Release|Any CPU
		{1895FD85-52F3-4BD5-B1DF-671C831DF864}.Release|Any CPU.Build.0 = Release|Any CPU
		{6083928F-0399-4DB6-8808-B34A0693895D}.Debug|Any CPU.ActiveCfg = Debug|Any CPU
		{6083928F-0399-4DB6-8808-B34A0693895D}.Debug|Any CPU.Build.0 = Debug|Any CPU
		{6083928F-0399-4DB6-8808-B34A0693895D}.Release|Any CPU.ActiveCfg = Release|Any CPU
		{6083928F-0399-4DB6-8808-B34A0693895D}.Release|Any CPU.Build.0 = Release|Any CPU
		{755C0935-DB5A-44B0-9893-072BCAC53310}.Debug|Any CPU.ActiveCfg = Debug|Any CPU
		{755C0935-DB5A-44B0-9893-072BCAC53310}.Debug|Any CPU.Build.0 = Debug|Any CPU
		{755C0935-DB5A-44B0-9893-072BCAC53310}.Release|Any CPU.ActiveCfg = Release|Any CPU
		{755C0935-DB5A-44B0-9893-072BCAC53310}.Release|Any CPU.Build.0 = Release|Any CPU
		{CB41AD4F-5039-4CB5-8BB8-11F259252B87}.Debug|Any CPU.ActiveCfg = Debug|Any CPU
		{CB41AD4F-5039-4CB5-8BB8-11F259252B87}.Debug|Any CPU.Build.0 = Debug|Any CPU
		{CB41AD4F-5039-4CB5-8BB8-11F259252B87}.Release|Any CPU.ActiveCfg = Release|Any CPU
		{CB41AD4F-5039-4CB5-8BB8-11F259252B87}.Release|Any CPU.Build.0 = Release|Any CPU
		{4920B339-0756-4827-95E3-A3BAEFE775EB}.Debug|Any CPU.ActiveCfg = Debug|Any CPU
		{4920B339-0756-4827-95E3-A3BAEFE775EB}.Debug|Any CPU.Build.0 = Debug|Any CPU
		{4920B339-0756-4827-95E3-A3BAEFE775EB}.Release|Any CPU.ActiveCfg = Release|Any CPU
		{4920B339-0756-4827-95E3-A3BAEFE775EB}.Release|Any CPU.Build.0 = Release|Any CPU
		{E5781CF9-CF72-462E-AC59-F1914CC7C659}.Debug|Any CPU.ActiveCfg = Debug|Any CPU
		{E5781CF9-CF72-462E-AC59-F1914CC7C659}.Debug|Any CPU.Build.0 = Debug|Any CPU
		{E5781CF9-CF72-462E-AC59-F1914CC7C659}.Release|Any CPU.ActiveCfg = Release|Any CPU
		{E5781CF9-CF72-462E-AC59-F1914CC7C659}.Release|Any CPU.Build.0 = Release|Any CPU
		{9458BAC6-7711-4A81-B4A6-C76AD6EC5B02}.Debug|Any CPU.ActiveCfg = Debug|Any CPU
		{9458BAC6-7711-4A81-B4A6-C76AD6EC5B02}.Debug|Any CPU.Build.0 = Debug|Any CPU
		{9458BAC6-7711-4A81-B4A6-C76AD6EC5B02}.Release|Any CPU.ActiveCfg = Release|Any CPU
		{9458BAC6-7711-4A81-B4A6-C76AD6EC5B02}.Release|Any CPU.Build.0 = Release|Any CPU
		{A246C916-D736-43EB-A061-A58DE22D6167}.Debug|Any CPU.ActiveCfg = Debug|Any CPU
		{A246C916-D736-43EB-A061-A58DE22D6167}.Debug|Any CPU.Build.0 = Debug|Any CPU
		{A246C916-D736-43EB-A061-A58DE22D6167}.Release|Any CPU.ActiveCfg = Release|Any CPU
		{A246C916-D736-43EB-A061-A58DE22D6167}.Release|Any CPU.Build.0 = Release|Any CPU
		{5859F726-311D-42C2-986C-2B51FA33D453}.Debug|Any CPU.ActiveCfg = Debug|Any CPU
		{5859F726-311D-42C2-986C-2B51FA33D453}.Debug|Any CPU.Build.0 = Debug|Any CPU
		{5859F726-311D-42C2-986C-2B51FA33D453}.Release|Any CPU.ActiveCfg = Release|Any CPU
		{5859F726-311D-42C2-986C-2B51FA33D453}.Release|Any CPU.Build.0 = Release|Any CPU
		{8F4E68F4-DCE3-4B9D-B19F-9A419EC8BF07}.Debug|Any CPU.ActiveCfg = Debug|Any CPU
		{8F4E68F4-DCE3-4B9D-B19F-9A419EC8BF07}.Debug|Any CPU.Build.0 = Debug|Any CPU
		{8F4E68F4-DCE3-4B9D-B19F-9A419EC8BF07}.Release|Any CPU.ActiveCfg = Release|Any CPU
		{8F4E68F4-DCE3-4B9D-B19F-9A419EC8BF07}.Release|Any CPU.Build.0 = Release|Any CPU
		{B7DFC40D-E911-4C42-ABF8-4C470E94AD86}.Debug|Any CPU.ActiveCfg = Debug|Any CPU
		{B7DFC40D-E911-4C42-ABF8-4C470E94AD86}.Debug|Any CPU.Build.0 = Debug|Any CPU
		{B7DFC40D-E911-4C42-ABF8-4C470E94AD86}.Release|Any CPU.ActiveCfg = Release|Any CPU
		{B7DFC40D-E911-4C42-ABF8-4C470E94AD86}.Release|Any CPU.Build.0 = Release|Any CPU
		{2C3AAF57-104B-4951-A08D-9131F1E39EB9}.Debug|Any CPU.ActiveCfg = Debug|Any CPU
		{2C3AAF57-104B-4951-A08D-9131F1E39EB9}.Debug|Any CPU.Build.0 = Debug|Any CPU
		{2C3AAF57-104B-4951-A08D-9131F1E39EB9}.Release|Any CPU.ActiveCfg = Release|Any CPU
		{2C3AAF57-104B-4951-A08D-9131F1E39EB9}.Release|Any CPU.Build.0 = Release|Any CPU
		{4609ADD0-EA25-457A-9B43-92202F620DD0}.Debug|Any CPU.ActiveCfg = Debug|Any CPU
		{4609ADD0-EA25-457A-9B43-92202F620DD0}.Debug|Any CPU.Build.0 = Debug|Any CPU
		{4609ADD0-EA25-457A-9B43-92202F620DD0}.Release|Any CPU.ActiveCfg = Release|Any CPU
		{4609ADD0-EA25-457A-9B43-92202F620DD0}.Release|Any CPU.Build.0 = Release|Any CPU
		{D9A0BF85-7D85-46EE-8BB5-3F75DC36830A}.Debug|Any CPU.ActiveCfg = Debug|Any CPU
		{D9A0BF85-7D85-46EE-8BB5-3F75DC36830A}.Debug|Any CPU.Build.0 = Debug|Any CPU
		{D9A0BF85-7D85-46EE-8BB5-3F75DC36830A}.Release|Any CPU.ActiveCfg = Release|Any CPU
		{D9A0BF85-7D85-46EE-8BB5-3F75DC36830A}.Release|Any CPU.Build.0 = Release|Any CPU
		{47232185-5602-4C1C-BF9C-18D6B48F77AF}.Debug|Any CPU.ActiveCfg = Debug|Any CPU
		{47232185-5602-4C1C-BF9C-18D6B48F77AF}.Debug|Any CPU.Build.0 = Debug|Any CPU
		{47232185-5602-4C1C-BF9C-18D6B48F77AF}.Release|Any CPU.ActiveCfg = Release|Any CPU
		{47232185-5602-4C1C-BF9C-18D6B48F77AF}.Release|Any CPU.Build.0 = Release|Any CPU
		{EF577431-B6C3-49B3-AF18-4974383C59D1}.Debug|Any CPU.ActiveCfg = Debug|Any CPU
		{EF577431-B6C3-49B3-AF18-4974383C59D1}.Debug|Any CPU.Build.0 = Debug|Any CPU
		{EF577431-B6C3-49B3-AF18-4974383C59D1}.Release|Any CPU.ActiveCfg = Release|Any CPU
		{EF577431-B6C3-49B3-AF18-4974383C59D1}.Release|Any CPU.Build.0 = Release|Any CPU
		{624279ED-C729-447F-ACFF-029AEAA02AC2}.Debug|Any CPU.ActiveCfg = Debug|Any CPU
		{624279ED-C729-447F-ACFF-029AEAA02AC2}.Debug|Any CPU.Build.0 = Debug|Any CPU
		{624279ED-C729-447F-ACFF-029AEAA02AC2}.Release|Any CPU.ActiveCfg = Release|Any CPU
		{624279ED-C729-447F-ACFF-029AEAA02AC2}.Release|Any CPU.Build.0 = Release|Any CPU
		{31DC6C32-03AE-4C5D-A94B-BAC991655900}.Debug|Any CPU.ActiveCfg = Debug|Any CPU
		{31DC6C32-03AE-4C5D-A94B-BAC991655900}.Debug|Any CPU.Build.0 = Debug|Any CPU
		{31DC6C32-03AE-4C5D-A94B-BAC991655900}.Release|Any CPU.ActiveCfg = Release|Any CPU
		{31DC6C32-03AE-4C5D-A94B-BAC991655900}.Release|Any CPU.Build.0 = Release|Any CPU
		{809C50BD-A8E2-4C58-B3F0-2B71C8F52280}.Debug|Any CPU.ActiveCfg = Debug|Any CPU
		{809C50BD-A8E2-4C58-B3F0-2B71C8F52280}.Debug|Any CPU.Build.0 = Debug|Any CPU
		{809C50BD-A8E2-4C58-B3F0-2B71C8F52280}.Release|Any CPU.ActiveCfg = Release|Any CPU
		{809C50BD-A8E2-4C58-B3F0-2B71C8F52280}.Release|Any CPU.Build.0 = Release|Any CPU
	EndGlobalSection
	GlobalSection(SolutionProperties) = preSolution
		HideSolutionNode = FALSE
	EndGlobalSection
	GlobalSection(ExtensibilityGlobals) = postSolution
		SolutionGuid = {1DAED4BD-A205-49A2-8D65-CCF643B70069}
	EndGlobalSection
EndGlobal
